// !$*UTF8*$!
{
	archiveVersion = 1;
	classes = {
	};
	objectVersion = 56;
	objects = {

/* Begin PBXBuildFile section */
		85F4E26E2BEE42B20064F113 /* MovieWorldApp.swift in Sources */ = {isa = PBXBuildFile; fileRef = 85F4E26D2BEE42B20064F113 /* MovieWorldApp.swift */; };
		85F4E2722BEE42B40064F113 /* Assets.xcassets in Resources */ = {isa = PBXBuildFile; fileRef = 85F4E2712BEE42B40064F113 /* Assets.xcassets */; };
		85F4E2752BEE42B40064F113 /* Preview Assets.xcassets in Resources */ = {isa = PBXBuildFile; fileRef = 85F4E2742BEE42B40064F113 /* Preview Assets.xcassets */; };
		85F4E2892BEE42B40064F113 /* MovieWorldUITests.swift in Sources */ = {isa = PBXBuildFile; fileRef = 85F4E2882BEE42B40064F113 /* MovieWorldUITests.swift */; };
		85F4E28B2BEE42B40064F113 /* MovieWorldUITestsLaunchTests.swift in Sources */ = {isa = PBXBuildFile; fileRef = 85F4E28A2BEE42B40064F113 /* MovieWorldUITestsLaunchTests.swift */; };
		85F4E29D2BEE42E60064F113 /* ContentView.swift in Sources */ = {isa = PBXBuildFile; fileRef = 85F4E2972BEE42E60064F113 /* ContentView.swift */; };
		85F4E29E2BEE42E70064F113 /* DetailView.swift in Sources */ = {isa = PBXBuildFile; fileRef = 85F4E2982BEE42E60064F113 /* DetailView.swift */; };
		85F4E29F2BEE42E70064F113 /* ListView.swift in Sources */ = {isa = PBXBuildFile; fileRef = 85F4E2992BEE42E60064F113 /* ListView.swift */; };
		85F4E2A02BEE42E70064F113 /* RatingsView.swift in Sources */ = {isa = PBXBuildFile; fileRef = 85F4E29A2BEE42E60064F113 /* RatingsView.swift */; };
		85F4E2A12BEE42E70064F113 /* RowView.swift in Sources */ = {isa = PBXBuildFile; fileRef = 85F4E29B2BEE42E60064F113 /* RowView.swift */; };
		85F4E2A32BEE43380064F113 /* ViewModel.swift in Sources */ = {isa = PBXBuildFile; fileRef = 85F4E2A22BEE43380064F113 /* ViewModel.swift */; };
		85F4E2A52BEE434A0064F113 /* Model.swift in Sources */ = {isa = PBXBuildFile; fileRef = 85F4E2A42BEE434A0064F113 /* Model.swift */; };
		85F4E2A72BEE43DA0064F113 /* ModelTest.swift in Sources */ = {isa = PBXBuildFile; fileRef = 85F4E2A62BEE43DA0064F113 /* ModelTest.swift */; };
		85F4E2A92BEE43E50064F113 /* ViewModelTest.swift in Sources */ = {isa = PBXBuildFile; fileRef = 85F4E2A82BEE43E50064F113 /* ViewModelTest.swift */; };
		85F4E2AC2BEE44100064F113 /* NetworkManager in Frameworks */ = {isa = PBXBuildFile; productRef = 85F4E2AB2BEE44100064F113 /* NetworkManager */; };
/* End PBXBuildFile section */

/* Begin PBXContainerItemProxy section */
		85F4E27B2BEE42B40064F113 /* PBXContainerItemProxy */ = {
			isa = PBXContainerItemProxy;
			containerPortal = 85F4E2622BEE42B20064F113 /* Project object */;
			proxyType = 1;
			remoteGlobalIDString = 85F4E2692BEE42B20064F113;
			remoteInfo = MovieWorld;
		};
		85F4E2852BEE42B40064F113 /* PBXContainerItemProxy */ = {
			isa = PBXContainerItemProxy;
			containerPortal = 85F4E2622BEE42B20064F113 /* Project object */;
			proxyType = 1;
			remoteGlobalIDString = 85F4E2692BEE42B20064F113;
			remoteInfo = MovieWorld;
		};
/* End PBXContainerItemProxy section */

/* Begin PBXFileReference section */
		85F4E26A2BEE42B20064F113 /* MovieWorld.app */ = {isa = PBXFileReference; explicitFileType = wrapper.application; includeInIndex = 0; path = MovieWorld.app; sourceTree = BUILT_PRODUCTS_DIR; };
		85F4E26D2BEE42B20064F113 /* MovieWorldApp.swift */ = {isa = PBXFileReference; lastKnownFileType = sourcecode.swift; path = MovieWorldApp.swift; sourceTree = "<group>"; };
		85F4E2712BEE42B40064F113 /* Assets.xcassets */ = {isa = PBXFileReference; lastKnownFileType = folder.assetcatalog; path = Assets.xcassets; sourceTree = "<group>"; };
		85F4E2742BEE42B40064F113 /* Preview Assets.xcassets */ = {isa = PBXFileReference; lastKnownFileType = folder.assetcatalog; path = "Preview Assets.xcassets"; sourceTree = "<group>"; };
		85F4E27A2BEE42B40064F113 /* MovieWorldTests.xctest */ = {isa = PBXFileReference; explicitFileType = wrapper.cfbundle; includeInIndex = 0; path = MovieWorldTests.xctest; sourceTree = BUILT_PRODUCTS_DIR; };
		85F4E2842BEE42B40064F113 /* MovieWorldUITests.xctest */ = {isa = PBXFileReference; explicitFileType = wrapper.cfbundle; includeInIndex = 0; path = MovieWorldUITests.xctest; sourceTree = BUILT_PRODUCTS_DIR; };
		85F4E2882BEE42B40064F113 /* MovieWorldUITests.swift */ = {isa = PBXFileReference; lastKnownFileType = sourcecode.swift; path = MovieWorldUITests.swift; sourceTree = "<group>"; };
		85F4E28A2BEE42B40064F113 /* MovieWorldUITestsLaunchTests.swift */ = {isa = PBXFileReference; lastKnownFileType = sourcecode.swift; path = MovieWorldUITestsLaunchTests.swift; sourceTree = "<group>"; };
		85F4E2972BEE42E60064F113 /* ContentView.swift */ = {isa = PBXFileReference; fileEncoding = 4; lastKnownFileType = sourcecode.swift; path = ContentView.swift; sourceTree = "<group>"; };
		85F4E2982BEE42E60064F113 /* DetailView.swift */ = {isa = PBXFileReference; fileEncoding = 4; lastKnownFileType = sourcecode.swift; path = DetailView.swift; sourceTree = "<group>"; };
		85F4E2992BEE42E60064F113 /* ListView.swift */ = {isa = PBXFileReference; fileEncoding = 4; lastKnownFileType = sourcecode.swift; path = ListView.swift; sourceTree = "<group>"; };
		85F4E29A2BEE42E60064F113 /* RatingsView.swift */ = {isa = PBXFileReference; fileEncoding = 4; lastKnownFileType = sourcecode.swift; path = RatingsView.swift; sourceTree = "<group>"; };
		85F4E29B2BEE42E60064F113 /* RowView.swift */ = {isa = PBXFileReference; fileEncoding = 4; lastKnownFileType = sourcecode.swift; path = RowView.swift; sourceTree = "<group>"; };
		85F4E2A22BEE43380064F113 /* ViewModel.swift */ = {isa = PBXFileReference; fileEncoding = 4; lastKnownFileType = sourcecode.swift; path = ViewModel.swift; sourceTree = "<group>"; };
		85F4E2A42BEE434A0064F113 /* Model.swift */ = {isa = PBXFileReference; fileEncoding = 4; lastKnownFileType = sourcecode.swift; path = Model.swift; sourceTree = "<group>"; };
		85F4E2A62BEE43DA0064F113 /* ModelTest.swift */ = {isa = PBXFileReference; fileEncoding = 4; lastKnownFileType = sourcecode.swift; path = ModelTest.swift; sourceTree = "<group>"; };
		85F4E2A82BEE43E50064F113 /* ViewModelTest.swift */ = {isa = PBXFileReference; fileEncoding = 4; lastKnownFileType = sourcecode.swift; path = ViewModelTest.swift; sourceTree = "<group>"; };
/* End PBXFileReference section */

/* Begin PBXFrameworksBuildPhase section */
		85F4E2672BEE42B20064F113 /* Frameworks */ = {
			isa = PBXFrameworksBuildPhase;
			buildActionMask = 2147483647;
			files = (
				85F4E2AC2BEE44100064F113 /* NetworkManager in Frameworks */,
			);
			runOnlyForDeploymentPostprocessing = 0;
		};
		85F4E2772BEE42B40064F113 /* Frameworks */ = {
			isa = PBXFrameworksBuildPhase;
			buildActionMask = 2147483647;
			files = (
			);
			runOnlyForDeploymentPostprocessing = 0;
		};
		85F4E2812BEE42B40064F113 /* Frameworks */ = {
			isa = PBXFrameworksBuildPhase;
			buildActionMask = 2147483647;
			files = (
			);
			runOnlyForDeploymentPostprocessing = 0;
		};
/* End PBXFrameworksBuildPhase section */

/* Begin PBXGroup section */
		85F4E2612BEE42B20064F113 = {
			isa = PBXGroup;
			children = (
				85F4E26C2BEE42B20064F113 /* MovieWorld */,
				85F4E27D2BEE42B40064F113 /* MovieWorldTests */,
				85F4E2872BEE42B40064F113 /* MovieWorldUITests */,
				85F4E26B2BEE42B20064F113 /* Products */,
			);
			sourceTree = "<group>";
		};
		85F4E26B2BEE42B20064F113 /* Products */ = {
			isa = PBXGroup;
			children = (
				85F4E26A2BEE42B20064F113 /* MovieWorld.app */,
				85F4E27A2BEE42B40064F113 /* MovieWorldTests.xctest */,
				85F4E2842BEE42B40064F113 /* MovieWorldUITests.xctest */,
			);
			name = Products;
			sourceTree = "<group>";
		};
		85F4E26C2BEE42B20064F113 /* MovieWorld */ = {
			isa = PBXGroup;
			children = (
				85F4E26D2BEE42B20064F113 /* MovieWorldApp.swift */,
				85F4E29C2BEE42E60064F113 /* View */,
				85F4E2712BEE42B40064F113 /* Assets.xcassets */,
				85F4E2A42BEE434A0064F113 /* Model.swift */,
				85F4E2A22BEE43380064F113 /* ViewModel.swift */,
				85F4E2732BEE42B40064F113 /* Preview Content */,
			);
			path = MovieWorld;
			sourceTree = "<group>";
		};
		85F4E2732BEE42B40064F113 /* Preview Content */ = {
			isa = PBXGroup;
			children = (
				85F4E2742BEE42B40064F113 /* Preview Assets.xcassets */,
			);
			path = "Preview Content";
			sourceTree = "<group>";
		};
		85F4E27D2BEE42B40064F113 /* MovieWorldTests */ = {
			isa = PBXGroup;
			children = (
				85F4E2A82BEE43E50064F113 /* ViewModelTest.swift */,
				85F4E2A62BEE43DA0064F113 /* ModelTest.swift */,
			);
			path = MovieWorldTests;
			sourceTree = "<group>";
		};
		85F4E2872BEE42B40064F113 /* MovieWorldUITests */ = {
			isa = PBXGroup;
			children = (
				85F4E2882BEE42B40064F113 /* MovieWorldUITests.swift */,
				85F4E28A2BEE42B40064F113 /* MovieWorldUITestsLaunchTests.swift */,
			);
			path = MovieWorldUITests;
			sourceTree = "<group>";
		};
		85F4E29C2BEE42E60064F113 /* View */ = {
			isa = PBXGroup;
			children = (
				85F4E2972BEE42E60064F113 /* ContentView.swift */,
				85F4E2982BEE42E60064F113 /* DetailView.swift */,
				85F4E2992BEE42E60064F113 /* ListView.swift */,
				85F4E29A2BEE42E60064F113 /* RatingsView.swift */,
				85F4E29B2BEE42E60064F113 /* RowView.swift */,
			);
			path = View;
			sourceTree = "<group>";
		};
/* End PBXGroup section */

/* Begin PBXNativeTarget section */
		85F4E2692BEE42B20064F113 /* MovieWorld */ = {
			isa = PBXNativeTarget;
			buildConfigurationList = 85F4E28E2BEE42B40064F113 /* Build configuration list for PBXNativeTarget "MovieWorld" */;
			buildPhases = (
				85F4E2662BEE42B20064F113 /* Sources */,
				85F4E2672BEE42B20064F113 /* Frameworks */,
				85F4E2682BEE42B20064F113 /* Resources */,
			);
			buildRules = (
			);
			dependencies = (
			);
			name = MovieWorld;
			packageProductDependencies = (
				85F4E2AB2BEE44100064F113 /* NetworkManager */,
			);
			productName = MovieWorld;
			productReference = 85F4E26A2BEE42B20064F113 /* MovieWorld.app */;
			productType = "com.apple.product-type.application";
		};
		85F4E2792BEE42B40064F113 /* MovieWorldTests */ = {
			isa = PBXNativeTarget;
			buildConfigurationList = 85F4E2912BEE42B40064F113 /* Build configuration list for PBXNativeTarget "MovieWorldTests" */;
			buildPhases = (
				85F4E2762BEE42B40064F113 /* Sources */,
				85F4E2772BEE42B40064F113 /* Frameworks */,
				85F4E2782BEE42B40064F113 /* Resources */,
			);
			buildRules = (
			);
			dependencies = (
				85F4E27C2BEE42B40064F113 /* PBXTargetDependency */,
			);
			name = MovieWorldTests;
			productName = MovieWorldTests;
			productReference = 85F4E27A2BEE42B40064F113 /* MovieWorldTests.xctest */;
			productType = "com.apple.product-type.bundle.unit-test";
		};
		85F4E2832BEE42B40064F113 /* MovieWorldUITests */ = {
			isa = PBXNativeTarget;
			buildConfigurationList = 85F4E2942BEE42B40064F113 /* Build configuration list for PBXNativeTarget "MovieWorldUITests" */;
			buildPhases = (
				85F4E2802BEE42B40064F113 /* Sources */,
				85F4E2812BEE42B40064F113 /* Frameworks */,
				85F4E2822BEE42B40064F113 /* Resources */,
			);
			buildRules = (
			);
			dependencies = (
				85F4E2862BEE42B40064F113 /* PBXTargetDependency */,
			);
			name = MovieWorldUITests;
			productName = MovieWorldUITests;
			productReference = 85F4E2842BEE42B40064F113 /* MovieWorldUITests.xctest */;
			productType = "com.apple.product-type.bundle.ui-testing";
		};
/* End PBXNativeTarget section */

/* Begin PBXProject section */
		85F4E2622BEE42B20064F113 /* Project object */ = {
			isa = PBXProject;
			attributes = {
				BuildIndependentTargetsInParallel = 1;
				LastSwiftUpdateCheck = 1530;
				LastUpgradeCheck = 1530;
				TargetAttributes = {
					85F4E2692BEE42B20064F113 = {
						CreatedOnToolsVersion = 15.3;
					};
					85F4E2792BEE42B40064F113 = {
						CreatedOnToolsVersion = 15.3;
						TestTargetID = 85F4E2692BEE42B20064F113;
					};
					85F4E2832BEE42B40064F113 = {
						CreatedOnToolsVersion = 15.3;
						TestTargetID = 85F4E2692BEE42B20064F113;
					};
				};
			};
			buildConfigurationList = 85F4E2652BEE42B20064F113 /* Build configuration list for PBXProject "MovieWorld" */;
			compatibilityVersion = "Xcode 14.0";
			developmentRegion = en;
			hasScannedForEncodings = 0;
			knownRegions = (
				en,
				Base,
			);
			mainGroup = 85F4E2612BEE42B20064F113;
			packageReferences = (
				85F4E2AA2BEE44100064F113 /* XCRemoteSwiftPackageReference "NetworkManager" */,
			);
			productRefGroup = 85F4E26B2BEE42B20064F113 /* Products */;
			projectDirPath = "";
			projectRoot = "";
			targets = (
				85F4E2692BEE42B20064F113 /* MovieWorld */,
				85F4E2792BEE42B40064F113 /* MovieWorldTests */,
				85F4E2832BEE42B40064F113 /* MovieWorldUITests */,
			);
		};
/* End PBXProject section */

/* Begin PBXResourcesBuildPhase section */
		85F4E2682BEE42B20064F113 /* Resources */ = {
			isa = PBXResourcesBuildPhase;
			buildActionMask = 2147483647;
			files = (
				85F4E2752BEE42B40064F113 /* Preview Assets.xcassets in Resources */,
				85F4E2722BEE42B40064F113 /* Assets.xcassets in Resources */,
			);
			runOnlyForDeploymentPostprocessing = 0;
		};
		85F4E2782BEE42B40064F113 /* Resources */ = {
			isa = PBXResourcesBuildPhase;
			buildActionMask = 2147483647;
			files = (
			);
			runOnlyForDeploymentPostprocessing = 0;
		};
		85F4E2822BEE42B40064F113 /* Resources */ = {
			isa = PBXResourcesBuildPhase;
			buildActionMask = 2147483647;
			files = (
			);
			runOnlyForDeploymentPostprocessing = 0;
		};
/* End PBXResourcesBuildPhase section */

/* Begin PBXSourcesBuildPhase section */
		85F4E2662BEE42B20064F113 /* Sources */ = {
			isa = PBXSourcesBuildPhase;
			buildActionMask = 2147483647;
			files = (
				85F4E29F2BEE42E70064F113 /* ListView.swift in Sources */,
				85F4E2A12BEE42E70064F113 /* RowView.swift in Sources */,
				85F4E29D2BEE42E60064F113 /* ContentView.swift in Sources */,
				85F4E2A02BEE42E70064F113 /* RatingsView.swift in Sources */,
				85F4E29E2BEE42E70064F113 /* DetailView.swift in Sources */,
				85F4E26E2BEE42B20064F113 /* MovieWorldApp.swift in Sources */,
				85F4E2A32BEE43380064F113 /* ViewModel.swift in Sources */,
				85F4E2A52BEE434A0064F113 /* Model.swift in Sources */,
			);
			runOnlyForDeploymentPostprocessing = 0;
		};
		85F4E2762BEE42B40064F113 /* Sources */ = {
			isa = PBXSourcesBuildPhase;
			buildActionMask = 2147483647;
			files = (
				85F4E2A92BEE43E50064F113 /* ViewModelTest.swift in Sources */,
				85F4E2A72BEE43DA0064F113 /* ModelTest.swift in Sources */,
			);
			runOnlyForDeploymentPostprocessing = 0;
		};
		85F4E2802BEE42B40064F113 /* Sources */ = {
			isa = PBXSourcesBuildPhase;
			buildActionMask = 2147483647;
			files = (
				85F4E28B2BEE42B40064F113 /* MovieWorldUITestsLaunchTests.swift in Sources */,
				85F4E2892BEE42B40064F113 /* MovieWorldUITests.swift in Sources */,
			);
			runOnlyForDeploymentPostprocessing = 0;
		};
/* End PBXSourcesBuildPhase section */

/* Begin PBXTargetDependency section */
		85F4E27C2BEE42B40064F113 /* PBXTargetDependency */ = {
			isa = PBXTargetDependency;
			target = 85F4E2692BEE42B20064F113 /* MovieWorld */;
			targetProxy = 85F4E27B2BEE42B40064F113 /* PBXContainerItemProxy */;
		};
		85F4E2862BEE42B40064F113 /* PBXTargetDependency */ = {
			isa = PBXTargetDependency;
			target = 85F4E2692BEE42B20064F113 /* MovieWorld */;
			targetProxy = 85F4E2852BEE42B40064F113 /* PBXContainerItemProxy */;
		};
/* End PBXTargetDependency section */

/* Begin XCBuildConfiguration section */
		85F4E28C2BEE42B40064F113 /* Debug */ = {
			isa = XCBuildConfiguration;
			buildSettings = {
				ALWAYS_SEARCH_USER_PATHS = NO;
				ASSETCATALOG_COMPILER_GENERATE_SWIFT_ASSET_SYMBOL_EXTENSIONS = YES;
				CLANG_ANALYZER_NONNULL = YES;
				CLANG_ANALYZER_NUMBER_OBJECT_CONVERSION = YES_AGGRESSIVE;
				CLANG_CXX_LANGUAGE_STANDARD = "gnu++20";
				CLANG_ENABLE_MODULES = YES;
				CLANG_ENABLE_OBJC_ARC = YES;
				CLANG_ENABLE_OBJC_WEAK = YES;
				CLANG_WARN_BLOCK_CAPTURE_AUTORELEASING = YES;
				CLANG_WARN_BOOL_CONVERSION = YES;
				CLANG_WARN_COMMA = YES;
				CLANG_WARN_CONSTANT_CONVERSION = YES;
				CLANG_WARN_DEPRECATED_OBJC_IMPLEMENTATIONS = YES;
				CLANG_WARN_DIRECT_OBJC_ISA_USAGE = YES_ERROR;
				CLANG_WARN_DOCUMENTATION_COMMENTS = YES;
				CLANG_WARN_EMPTY_BODY = YES;
				CLANG_WARN_ENUM_CONVERSION = YES;
				CLANG_WARN_INFINITE_RECURSION = YES;
				CLANG_WARN_INT_CONVERSION = YES;
				CLANG_WARN_NON_LITERAL_NULL_CONVERSION = YES;
				CLANG_WARN_OBJC_IMPLICIT_RETAIN_SELF = YES;
				CLANG_WARN_OBJC_LITERAL_CONVERSION = YES;
				CLANG_WARN_OBJC_ROOT_CLASS = YES_ERROR;
				CLANG_WARN_QUOTED_INCLUDE_IN_FRAMEWORK_HEADER = YES;
				CLANG_WARN_RANGE_LOOP_ANALYSIS = YES;
				CLANG_WARN_STRICT_PROTOTYPES = YES;
				CLANG_WARN_SUSPICIOUS_MOVE = YES;
				CLANG_WARN_UNGUARDED_AVAILABILITY = YES_AGGRESSIVE;
				CLANG_WARN_UNREACHABLE_CODE = YES;
				CLANG_WARN__DUPLICATE_METHOD_MATCH = YES;
				COPY_PHASE_STRIP = NO;
				DEBUG_INFORMATION_FORMAT = dwarf;
				ENABLE_STRICT_OBJC_MSGSEND = YES;
				ENABLE_TESTABILITY = YES;
				ENABLE_USER_SCRIPT_SANDBOXING = YES;
				GCC_C_LANGUAGE_STANDARD = gnu17;
				GCC_DYNAMIC_NO_PIC = NO;
				GCC_NO_COMMON_BLOCKS = YES;
				GCC_OPTIMIZATION_LEVEL = 0;
				GCC_PREPROCESSOR_DEFINITIONS = (
					"DEBUG=1",
					"$(inherited)",
				);
				GCC_WARN_64_TO_32_BIT_CONVERSION = YES;
				GCC_WARN_ABOUT_RETURN_TYPE = YES_ERROR;
				GCC_WARN_UNDECLARED_SELECTOR = YES;
				GCC_WARN_UNINITIALIZED_AUTOS = YES_AGGRESSIVE;
				GCC_WARN_UNUSED_FUNCTION = YES;
				GCC_WARN_UNUSED_VARIABLE = YES;
				IPHONEOS_DEPLOYMENT_TARGET = 17.4;
				LOCALIZATION_PREFERS_STRING_CATALOGS = YES;
				MTL_ENABLE_DEBUG_INFO = INCLUDE_SOURCE;
				MTL_FAST_MATH = YES;
				ONLY_ACTIVE_ARCH = YES;
				SDKROOT = iphoneos;
				SWIFT_ACTIVE_COMPILATION_CONDITIONS = "DEBUG $(inherited)";
				SWIFT_OPTIMIZATION_LEVEL = "-Onone";
			};
			name = Debug;
		};
		85F4E28D2BEE42B40064F113 /* Release */ = {
			isa = XCBuildConfiguration;
			buildSettings = {
				ALWAYS_SEARCH_USER_PATHS = NO;
				ASSETCATALOG_COMPILER_GENERATE_SWIFT_ASSET_SYMBOL_EXTENSIONS = YES;
				CLANG_ANALYZER_NONNULL = YES;
				CLANG_ANALYZER_NUMBER_OBJECT_CONVERSION = YES_AGGRESSIVE;
				CLANG_CXX_LANGUAGE_STANDARD = "gnu++20";
				CLANG_ENABLE_MODULES = YES;
				CLANG_ENABLE_OBJC_ARC = YES;
				CLANG_ENABLE_OBJC_WEAK = YES;
				CLANG_WARN_BLOCK_CAPTURE_AUTORELEASING = YES;
				CLANG_WARN_BOOL_CONVERSION = YES;
				CLANG_WARN_COMMA = YES;
				CLANG_WARN_CONSTANT_CONVERSION = YES;
				CLANG_WARN_DEPRECATED_OBJC_IMPLEMENTATIONS = YES;
				CLANG_WARN_DIRECT_OBJC_ISA_USAGE = YES_ERROR;
				CLANG_WARN_DOCUMENTATION_COMMENTS = YES;
				CLANG_WARN_EMPTY_BODY = YES;
				CLANG_WARN_ENUM_CONVERSION = YES;
				CLANG_WARN_INFINITE_RECURSION = YES;
				CLANG_WARN_INT_CONVERSION = YES;
				CLANG_WARN_NON_LITERAL_NULL_CONVERSION = YES;
				CLANG_WARN_OBJC_IMPLICIT_RETAIN_SELF = YES;
				CLANG_WARN_OBJC_LITERAL_CONVERSION = YES;
				CLANG_WARN_OBJC_ROOT_CLASS = YES_ERROR;
				CLANG_WARN_QUOTED_INCLUDE_IN_FRAMEWORK_HEADER = YES;
				CLANG_WARN_RANGE_LOOP_ANALYSIS = YES;
				CLANG_WARN_STRICT_PROTOTYPES = YES;
				CLANG_WARN_SUSPICIOUS_MOVE = YES;
				CLANG_WARN_UNGUARDED_AVAILABILITY = YES_AGGRESSIVE;
				CLANG_WARN_UNREACHABLE_CODE = YES;
				CLANG_WARN__DUPLICATE_METHOD_MATCH = YES;
				COPY_PHASE_STRIP = NO;
				DEBUG_INFORMATION_FORMAT = "dwarf-with-dsym";
				ENABLE_NS_ASSERTIONS = NO;
				ENABLE_STRICT_OBJC_MSGSEND = YES;
				ENABLE_USER_SCRIPT_SANDBOXING = YES;
				GCC_C_LANGUAGE_STANDARD = gnu17;
				GCC_NO_COMMON_BLOCKS = YES;
				GCC_WARN_64_TO_32_BIT_CONVERSION = YES;
				GCC_WARN_ABOUT_RETURN_TYPE = YES_ERROR;
				GCC_WARN_UNDECLARED_SELECTOR = YES;
				GCC_WARN_UNINITIALIZED_AUTOS = YES_AGGRESSIVE;
				GCC_WARN_UNUSED_FUNCTION = YES;
				GCC_WARN_UNUSED_VARIABLE = YES;
				IPHONEOS_DEPLOYMENT_TARGET = 17.4;
				LOCALIZATION_PREFERS_STRING_CATALOGS = YES;
				MTL_ENABLE_DEBUG_INFO = NO;
				MTL_FAST_MATH = YES;
				SDKROOT = iphoneos;
				SWIFT_COMPILATION_MODE = wholemodule;
				VALIDATE_PRODUCT = YES;
			};
			name = Release;
		};
		85F4E28F2BEE42B40064F113 /* Debug */ = {
			isa = XCBuildConfiguration;
			buildSettings = {
				ASSETCATALOG_COMPILER_APPICON_NAME = AppIcon;
				ASSETCATALOG_COMPILER_GLOBAL_ACCENT_COLOR_NAME = AccentColor;
				CODE_SIGN_STYLE = Automatic;
				CURRENT_PROJECT_VERSION = 1;
				DEVELOPMENT_ASSET_PATHS = "\"MovieWorld/Preview Content\"";
				DEVELOPMENT_TEAM = GRY5Q2TLMN;
				ENABLE_PREVIEWS = YES;
				GENERATE_INFOPLIST_FILE = YES;
				INFOPLIST_KEY_UIApplicationSceneManifest_Generation = YES;
				INFOPLIST_KEY_UIApplicationSupportsIndirectInputEvents = YES;
				INFOPLIST_KEY_UILaunchScreen_Generation = YES;
				INFOPLIST_KEY_UISupportedInterfaceOrientations_iPad = "UIInterfaceOrientationPortrait UIInterfaceOrientationPortraitUpsideDown UIInterfaceOrientationLandscapeLeft UIInterfaceOrientationLandscapeRight";
				INFOPLIST_KEY_UISupportedInterfaceOrientations_iPhone = "UIInterfaceOrientationPortrait UIInterfaceOrientationLandscapeLeft UIInterfaceOrientationLandscapeRight";
				LD_RUNPATH_SEARCH_PATHS = (
					"$(inherited)",
					"@executable_path/Frameworks",
				);
				MARKETING_VERSION = 1.0;
				PRODUCT_BUNDLE_IDENTIFIER = PersonalProject.MovieWorld;
				PRODUCT_NAME = "$(TARGET_NAME)";
				SWIFT_EMIT_LOC_STRINGS = YES;
				SWIFT_VERSION = 5.0;
				TARGETED_DEVICE_FAMILY = "1,2";
			};
			name = Debug;
		};
		85F4E2902BEE42B40064F113 /* Release */ = {
			isa = XCBuildConfiguration;
			buildSettings = {
				ASSETCATALOG_COMPILER_APPICON_NAME = AppIcon;
				ASSETCATALOG_COMPILER_GLOBAL_ACCENT_COLOR_NAME = AccentColor;
				CODE_SIGN_STYLE = Automatic;
				CURRENT_PROJECT_VERSION = 1;
				DEVELOPMENT_ASSET_PATHS = "\"MovieWorld/Preview Content\"";
				DEVELOPMENT_TEAM = GRY5Q2TLMN;
				ENABLE_PREVIEWS = YES;
				GENERATE_INFOPLIST_FILE = YES;
				INFOPLIST_KEY_UIApplicationSceneManifest_Generation = YES;
				INFOPLIST_KEY_UIApplicationSupportsIndirectInputEvents = YES;
				INFOPLIST_KEY_UILaunchScreen_Generation = YES;
				INFOPLIST_KEY_UISupportedInterfaceOrientations_iPad = "UIInterfaceOrientationPortrait UIInterfaceOrientationPortraitUpsideDown UIInterfaceOrientationLandscapeLeft UIInterfaceOrientationLandscapeRight";
				INFOPLIST_KEY_UISupportedInterfaceOrientations_iPhone = "UIInterfaceOrientationPortrait UIInterfaceOrientationLandscapeLeft UIInterfaceOrientationLandscapeRight";
				LD_RUNPATH_SEARCH_PATHS = (
					"$(inherited)",
					"@executable_path/Frameworks",
				);
				MARKETING_VERSION = 1.0;
				PRODUCT_BUNDLE_IDENTIFIER = PersonalProject.MovieWorld;
				PRODUCT_NAME = "$(TARGET_NAME)";
				SWIFT_EMIT_LOC_STRINGS = YES;
				SWIFT_VERSION = 5.0;
				TARGETED_DEVICE_FAMILY = "1,2";
			};
			name = Release;
		};
		85F4E2922BEE42B40064F113 /* Debug */ = {
			isa = XCBuildConfiguration;
			buildSettings = {
				ALWAYS_EMBED_SWIFT_STANDARD_LIBRARIES = YES;
				BUNDLE_LOADER = "$(TEST_HOST)";
				CODE_SIGN_STYLE = Automatic;
				CURRENT_PROJECT_VERSION = 1;
				DEVELOPMENT_TEAM = GRY5Q2TLMN;
				GENERATE_INFOPLIST_FILE = YES;
				IPHONEOS_DEPLOYMENT_TARGET = 17.4;
				MARKETING_VERSION = 1.0;
				PRODUCT_BUNDLE_IDENTIFIER = PersonalProject.MovieWorldTests;
				PRODUCT_NAME = "$(TARGET_NAME)";
				SWIFT_EMIT_LOC_STRINGS = NO;
				SWIFT_VERSION = 5.0;
				TARGETED_DEVICE_FAMILY = "1,2";
				TEST_HOST = "$(BUILT_PRODUCTS_DIR)/MovieWorld.app/$(BUNDLE_EXECUTABLE_FOLDER_PATH)/MovieWorld";
			};
			name = Debug;
		};
		85F4E2932BEE42B40064F113 /* Release */ = {
			isa = XCBuildConfiguration;
			buildSettings = {
				ALWAYS_EMBED_SWIFT_STANDARD_LIBRARIES = YES;
				BUNDLE_LOADER = "$(TEST_HOST)";
				CODE_SIGN_STYLE = Automatic;
				CURRENT_PROJECT_VERSION = 1;
				DEVELOPMENT_TEAM = GRY5Q2TLMN;
				GENERATE_INFOPLIST_FILE = YES;
				IPHONEOS_DEPLOYMENT_TARGET = 17.4;
				MARKETING_VERSION = 1.0;
				PRODUCT_BUNDLE_IDENTIFIER = PersonalProject.MovieWorldTests;
				PRODUCT_NAME = "$(TARGET_NAME)";
				SWIFT_EMIT_LOC_STRINGS = NO;
				SWIFT_VERSION = 5.0;
				TARGETED_DEVICE_FAMILY = "1,2";
				TEST_HOST = "$(BUILT_PRODUCTS_DIR)/MovieWorld.app/$(BUNDLE_EXECUTABLE_FOLDER_PATH)/MovieWorld";
			};
			name = Release;
		};
		85F4E2952BEE42B40064F113 /* Debug */ = {
			isa = XCBuildConfiguration;
			buildSettings = {
				ALWAYS_EMBED_SWIFT_STANDARD_LIBRARIES = YES;
				CODE_SIGN_STYLE = Automatic;
				CURRENT_PROJECT_VERSION = 1;
				DEVELOPMENT_TEAM = GRY5Q2TLMN;
				GENERATE_INFOPLIST_FILE = YES;
				MARKETING_VERSION = 1.0;
				PRODUCT_BUNDLE_IDENTIFIER = PersonalProject.MovieWorldUITests;
				PRODUCT_NAME = "$(TARGET_NAME)";
				SWIFT_EMIT_LOC_STRINGS = NO;
				SWIFT_VERSION = 5.0;
				TARGETED_DEVICE_FAMILY = "1,2";
				TEST_TARGET_NAME = MovieWorld;
			};
			name = Debug;
		};
		85F4E2962BEE42B40064F113 /* Release */ = {
			isa = XCBuildConfiguration;
			buildSettings = {
				ALWAYS_EMBED_SWIFT_STANDARD_LIBRARIES = YES;
				CODE_SIGN_STYLE = Automatic;
				CURRENT_PROJECT_VERSION = 1;
				DEVELOPMENT_TEAM = GRY5Q2TLMN;
				GENERATE_INFOPLIST_FILE = YES;
				MARKETING_VERSION = 1.0;
				PRODUCT_BUNDLE_IDENTIFIER = PersonalProject.MovieWorldUITests;
				PRODUCT_NAME = "$(TARGET_NAME)";
				SWIFT_EMIT_LOC_STRINGS = NO;
				SWIFT_VERSION = 5.0;
				TARGETED_DEVICE_FAMILY = "1,2";
				TEST_TARGET_NAME = MovieWorld;
			};
			name = Release;
		};
/* End XCBuildConfiguration section */

/* Begin XCConfigurationList section */
		85F4E2652BEE42B20064F113 /* Build configuration list for PBXProject "MovieWorld" */ = {
			isa = XCConfigurationList;
			buildConfigurations = (
				85F4E28C2BEE42B40064F113 /* Debug */,
				85F4E28D2BEE42B40064F113 /* Release */,
			);
			defaultConfigurationIsVisible = 0;
			defaultConfigurationName = Release;
		};
		85F4E28E2BEE42B40064F113 /* Build configuration list for PBXNativeTarget "MovieWorld" */ = {
			isa = XCConfigurationList;
			buildConfigurations = (
				85F4E28F2BEE42B40064F113 /* Debug */,
				85F4E2902BEE42B40064F113 /* Release */,
			);
			defaultConfigurationIsVisible = 0;
			defaultConfigurationName = Release;
		};
		85F4E2912BEE42B40064F113 /* Build configuration list for PBXNativeTarget "MovieWorldTests" */ = {
			isa = XCConfigurationList;
			buildConfigurations = (
				85F4E2922BEE42B40064F113 /* Debug */,
				85F4E2932BEE42B40064F113 /* Release */,
			);
			defaultConfigurationIsVisible = 0;
			defaultConfigurationName = Release;
		};
		85F4E2942BEE42B40064F113 /* Build configuration list for PBXNativeTarget "MovieWorldUITests" */ = {
			isa = XCConfigurationList;
			buildConfigurations = (
				85F4E2952BEE42B40064F113 /* Debug */,
				85F4E2962BEE42B40064F113 /* Release */,
			);
			defaultConfigurationIsVisible = 0;
			defaultConfigurationName = Release;
		};
/* End XCConfigurationList section */

/* Begin XCRemoteSwiftPackageReference section */
		85F4E2AA2BEE44100064F113 /* XCRemoteSwiftPackageReference "NetworkManager" */ = {
			isa = XCRemoteSwiftPackageReference;
			repositoryURL = "https://github.com/pandashashwat97/NetworkManager.git";
			requirement = {
				branch = main;
				kind = branch;
			};
		};
/* End XCRemoteSwiftPackageReference section */

/* Begin XCSwiftPackageProductDependency section */
		85F4E2AB2BEE44100064F113 /* NetworkManager */ = {
			isa = XCSwiftPackageProductDependency;
			package = 85F4E2AA2BEE44100064F113 /* XCRemoteSwiftPackageReference "NetworkManager" */;
			productName = NetworkManager;
		};
/* End XCSwiftPackageProductDependency section */
	};
	rootObject = 85F4E2622BEE42B20064F113 /* Project object */;
}
